{
  "name": "capacitor-swipe-back",
  "version": "4.0.0",
  "lockfileVersion": 1,
  "requires": true,
  "dependencies": {
    "@capacitor/android": {
      "version": "4.3.0",
      "resolved": "https://registry.npmjs.org/@capacitor/android/-/android-4.3.0.tgz",
      "integrity": "sha512-JnyQsxq44wLFPQ1sN1sMISNbVuNVHXdUdseil1mNsag3JOKu1BkLCyC3aqI4ioce63fK6VtoUIvzR4YzqBn1yg==",
      "dev": true
    },
    "@capacitor/core": {
      "version": "4.3.0",
      "resolved": "https://registry.npmjs.org/@capacitor/core/-/core-4.3.0.tgz",
      "integrity": "sha512-zb225feaiHYcttHqw7SnKVj9gjOh3yoM2ol0Efky4kd80qZvqPHt7nRI1XZmGUKid5j3AVggULd5rRke5OEOXQ==",
      "requires": {
        "tslib": "^2.1.0"
      }
    },
    "@capacitor/ios": {
      "version": "4.3.0",
      "resolved": "https://registry.npmjs.org/@capacitor/ios/-/ios-4.3.0.tgz",
      "integrity": "sha512-l9vuFzGkopHEWTsbdCwcJF/TLPspuhWSSq5cfB61YO4HAG5o3y/M6TiftL3JTyw/OOJ6cgWtLI/2QMp1TPIU4w==",
      "dev": true
    },
    "tslib": {
      "version": "2.4.0",
      "resolved": "https://registry.npmjs.org/tslib/-/tslib-2.4.0.tgz",
      "integrity": "sha512-d6xOpEDfsi2CZVlPQzGeux8XMwLT9hssAsaPYExaQMuYskwb+x1x7J371tWlbBdWHroy99KnVB6qIkUbs5X3UQ=="
    },
    "typescript": {
      "version": "4.8.4",
      "resolved": "https://registry.npmjs.org/typescript/-/typescript-4.8.4.tgz",
      "integrity": "sha512-QCh+85mCy+h0IGff8r5XWzOVSbBO+KfeYrMQh7NJ58QujwcE22u+NUSmUxqF+un70P9GXKxa2HCNiTTMJknyjQ==",
      "dev": true
    }
  }
}
